
Microsoft Visual Studio Solution File, Format Version 12.00
# Visual Studio Version 17
VisualStudioVersion = 17.4.33403.182
MinimumVisualStudioVersion = 10.0.40219.1
Project("{9A19103F-16F7-4668-BE54-9A1E7A4F7556}") = "DbConfigurator.Api", "DbConfigurator.Api\DbConfigurator.Api.csproj", "{76BD99C7-9DA7-4CA9-9CDC-BA0DDA8EA321}"
EndProject
Project("{2150E333-8FDC-42A3-9474-1A3956D46DE8}") = "src", "src", "{622EF021-AC98-4748-8059-D52F7ABD3786}"
EndProject
Project("{2150E333-8FDC-42A3-9474-1A3956D46DE8}") = "API", "API", "{8A2CE9C5-18C0-45F6-B05A-3F5FBFB7BF4D}"
EndProject
Project("{2150E333-8FDC-42A3-9474-1A3956D46DE8}") = "Core", "Core", "{0C3DA8F8-15AD-47CA-98B0-DB956A82CEAE}"
EndProject
Project("{2150E333-8FDC-42A3-9474-1A3956D46DE8}") = "Infrastracture", "Infrastracture", "{C7AE01D9-6DFC-46EE-A3C6-6952228879D5}"
EndProject
Project("{9A19103F-16F7-4668-BE54-9A1E7A4F7556}") = "DbConfigurator.Persistence", "DbConfigurator.Persistence\DbConfigurator.Persistence.csproj", "{4A4CB53D-BEB2-415C-BBC4-9CACCEA15C63}"
EndProject
Project("{9A19103F-16F7-4668-BE54-9A1E7A4F7556}") = "DbConfigurator.Aplication", "DbConfigurator.Aplication\DbConfigurator.Aplication.csproj", "{5715610E-CDE7-447E-9CA8-BB84155F1FD0}"
EndProject
Project("{9A19103F-16F7-4668-BE54-9A1E7A4F7556}") = "DbConfigurator.Domain", "DbConfigurator.Domain\DbConfigurator.Domain.csproj", "{3B7D2949-AD3A-4B62-BE9E-6DCC7A71F66C}"
EndProject
Project("{9A19103F-16F7-4668-BE54-9A1E7A4F7556}") = "DbConfigurator.Infrastracture", "DbConfigurator.Infrastracture\DbConfigurator.Infrastracture.csproj", "{A6C2725E-DC5B-4447-811E-9342EBF69BDA}"
EndProject
Project("{2150E333-8FDC-42A3-9474-1A3956D46DE8}") = "Test", "Test", "{34B53E17-666D-4F0D-AFB4-55D06FCDB7F3}"
EndProject
Project("{9A19103F-16F7-4668-BE54-9A1E7A4F7556}") = "DbConfigurator.Application.UnitTests", "DbConfigurator.Aplication.UnitTests\DbConfigurator.Application.UnitTests.csproj", "{35AB11F1-4417-4769-98F3-27152FB884C0}"
EndProject
Global
	GlobalSection(SolutionConfigurationPlatforms) = preSolution
		Debug|Any CPU = Debug|Any CPU
		Release|Any CPU = Release|Any CPU
	EndGlobalSection
	GlobalSection(ProjectConfigurationPlatforms) = postSolution
		{76BD99C7-9DA7-4CA9-9CDC-BA0DDA8EA321}.Debug|Any CPU.ActiveCfg = Debug|Any CPU
		{76BD99C7-9DA7-4CA9-9CDC-BA0DDA8EA321}.Debug|Any CPU.Build.0 = Debug|Any CPU
		{76BD99C7-9DA7-4CA9-9CDC-BA0DDA8EA321}.Release|Any CPU.ActiveCfg = Release|Any CPU
		{76BD99C7-9DA7-4CA9-9CDC-BA0DDA8EA321}.Release|Any CPU.Build.0 = Release|Any CPU
		{4A4CB53D-BEB2-415C-BBC4-9CACCEA15C63}.Debug|Any CPU.ActiveCfg = Debug|Any CPU
		{4A4CB53D-BEB2-415C-BBC4-9CACCEA15C63}.Debug|Any CPU.Build.0 = Debug|Any CPU
		{4A4CB53D-BEB2-415C-BBC4-9CACCEA15C63}.Release|Any CPU.ActiveCfg = Release|Any CPU
		{4A4CB53D-BEB2-415C-BBC4-9CACCEA15C63}.Release|Any CPU.Build.0 = Release|Any CPU
		{5715610E-CDE7-447E-9CA8-BB84155F1FD0}.Debug|Any CPU.ActiveCfg = Debug|Any CPU
		{5715610E-CDE7-447E-9CA8-BB84155F1FD0}.Debug|Any CPU.Build.0 = Debug|Any CPU
		{5715610E-CDE7-447E-9CA8-BB84155F1FD0}.Release|Any CPU.ActiveCfg = Release|Any CPU
		{5715610E-CDE7-447E-9CA8-BB84155F1FD0}.Release|Any CPU.Build.0 = Release|Any CPU
		{3B7D2949-AD3A-4B62-BE9E-6DCC7A71F66C}.Debug|Any CPU.ActiveCfg = Debug|Any CPU
		{3B7D2949-AD3A-4B62-BE9E-6DCC7A71F66C}.Debug|Any CPU.Build.0 = Debug|Any CPU
		{3B7D2949-AD3A-4B62-BE9E-6DCC7A71F66C}.Release|Any CPU.ActiveCfg = Release|Any CPU
		{3B7D2949-AD3A-4B62-BE9E-6DCC7A71F66C}.Release|Any CPU.Build.0 = Release|Any CPU
		{A6C2725E-DC5B-4447-811E-9342EBF69BDA}.Debug|Any CPU.ActiveCfg = Debug|Any CPU
		{A6C2725E-DC5B-4447-811E-9342EBF69BDA}.Debug|Any CPU.Build.0 = Debug|Any CPU
		{A6C2725E-DC5B-4447-811E-9342EBF69BDA}.Release|Any CPU.ActiveCfg = Release|Any CPU
		{A6C2725E-DC5B-4447-811E-9342EBF69BDA}.Release|Any CPU.Build.0 = Release|Any CPU
		{35AB11F1-4417-4769-98F3-27152FB884C0}.Debug|Any CPU.ActiveCfg = Debug|Any CPU
		{35AB11F1-4417-4769-98F3-27152FB884C0}.Debug|Any CPU.Build.0 = Debug|Any CPU
		{35AB11F1-4417-4769-98F3-27152FB884C0}.Release|Any CPU.ActiveCfg = Release|Any CPU
		{35AB11F1-4417-4769-98F3-27152FB884C0}.Release|Any CPU.Build.0 = Release|Any CPU
	EndGlobalSection
	GlobalSection(SolutionProperties) = preSolution
		HideSolutionNode = FALSE
	EndGlobalSection
	GlobalSection(NestedProjects) = preSolution
		{76BD99C7-9DA7-4CA9-9CDC-BA0DDA8EA321} = {8A2CE9C5-18C0-45F6-B05A-3F5FBFB7BF4D}
		{8A2CE9C5-18C0-45F6-B05A-3F5FBFB7BF4D} = {622EF021-AC98-4748-8059-D52F7ABD3786}
		{0C3DA8F8-15AD-47CA-98B0-DB956A82CEAE} = {622EF021-AC98-4748-8059-D52F7ABD3786}
		{C7AE01D9-6DFC-46EE-A3C6-6952228879D5} = {622EF021-AC98-4748-8059-D52F7ABD3786}
		{4A4CB53D-BEB2-415C-BBC4-9CACCEA15C63} = {C7AE01D9-6DFC-46EE-A3C6-6952228879D5}
		{5715610E-CDE7-447E-9CA8-BB84155F1FD0} = {0C3DA8F8-15AD-47CA-98B0-DB956A82CEAE}
		{3B7D2949-AD3A-4B62-BE9E-6DCC7A71F66C} = {0C3DA8F8-15AD-47CA-98B0-DB956A82CEAE}
		{A6C2725E-DC5B-4447-811E-9342EBF69BDA} = {C7AE01D9-6DFC-46EE-A3C6-6952228879D5}
		{34B53E17-666D-4F0D-AFB4-55D06FCDB7F3} = {622EF021-AC98-4748-8059-D52F7ABD3786}
		{35AB11F1-4417-4769-98F3-27152FB884C0} = {34B53E17-666D-4F0D-AFB4-55D06FCDB7F3}
	EndGlobalSection
	GlobalSection(ExtensibilityGlobals) = postSolution
		SolutionGuid = {FB352F89-E9A6-454F-BBD5-2711F4BB3AFA}
	EndGlobalSection
EndGlobal
